
Microsoft Visual Studio Solution File, Format Version 12.00
# Visual Studio Version 17
VisualStudioVersion = 17.14.36518.9 d17.14
MinimumVisualStudioVersion = 10.0.40219.1
Project("{FAE04EC0-301F-11D3-BF4B-00C04F79EFBC}") = "ToDoListAPI", "ToDoListAPI\ToDoListAPI.csproj", "{C2ED5283-9BFC-48F4-B372-DB61B020F2C1}"
EndProject
Global
	GlobalSection(SolutionConfigurationPlatforms) = preSolution
		Debug|Any CPU = Debug|Any CPU
		Release|Any CPU = Release|Any CPU
	EndGlobalSection
	GlobalSection(ProjectConfigurationPlatforms) = postSolution
		{C2ED5283-9BFC-48F4-B372-DB61B020F2C1}.Debug|Any CPU.ActiveCfg = Debug|Any CPU
		{C2ED5283-9BFC-48F4-B372-DB61B020F2C1}.Debug|Any CPU.Build.0 = Debug|Any CPU
		{C2ED5283-9BFC-48F4-B372-DB61B020F2C1}.Release|Any CPU.ActiveCfg = Release|Any CPU
		{C2ED5283-9BFC-48F4-B372-DB61B020F2C1}.Release|Any CPU.Build.0 = Release|Any CPU
	EndGlobalSection
	GlobalSection(SolutionProperties) = preSolution
		HideSolutionNode = FALSE
	EndGlobalSection
	GlobalSection(ExtensibilityGlobals) = postSolution
		SolutionGuid = {11EF7635-8CEA-472C-A710-A4402A212392}
	EndGlobalSection
EndGlobal
